
Microsoft Visual Studio Solution File, Format Version 12.00
# Visual Studio Version 17
VisualStudioVersion = 17.8.34408.163
MinimumVisualStudioVersion = 10.0.40219.1
Project("{FAE04EC0-301F-11D3-BF4B-00C04F79EFBC}") = "Exercicio02", "Exercicio02.csproj", "{EF09E9AC-0D19-4988-B4FC-CC041C17A00F}"
EndProject
Project("{2150E333-8FDC-42A3-9474-1A3956D46DE8}") = "Exercicio01", "Exercicio01", "{74113C55-3D9B-4FAC-98C2-3C296093A8F9}"
EndProject
Project("{FAE04EC0-301F-11D3-BF4B-00C04F79EFBC}") = "Exercicio01", "..\Exercicio01\Exercicio01.csproj", "{ED9C0E8B-6FD2-498C-A437-82F83A9E7A0F}"
EndProject
Project("{2150E333-8FDC-42A3-9474-1A3956D46DE8}") = "Exercicio02", "Exercicio02", "{7FB277AD-8B8C-433F-952E-81A2B56F9933}"
EndProject
Project("{2150E333-8FDC-42A3-9474-1A3956D46DE8}") = "Exercicio03", "Exercicio03", "{316BC42C-3FDF-4887-9D41-9951505A9573}"
EndProject
Project("{2150E333-8FDC-42A3-9474-1A3956D46DE8}") = "Exercicio04", "Exercicio04", "{866AC742-4C51-4F14-9573-6799F05A1B8A}"
EndProject
Project("{2150E333-8FDC-42A3-9474-1A3956D46DE8}") = "Exercicio05", "Exercicio05", "{8ABC5CAE-5CCB-47EA-9BE7-203910BF0617}"
EndProject
Project("{2150E333-8FDC-42A3-9474-1A3956D46DE8}") = "Exercicio06", "Exercicio06", "{BDAB398D-51A8-4913-AD6F-EA7C8BED3D07}"
EndProject
Project("{2150E333-8FDC-42A3-9474-1A3956D46DE8}") = "Exercicio07", "Exercicio07", "{51E69D7F-72DD-45EA-9858-2BD3FBE57120}"
EndProject
Project("{2150E333-8FDC-42A3-9474-1A3956D46DE8}") = "Exercicio08", "Exercicio08", "{6DF92EDE-E5A3-4C44-B641-17C8F36407D4}"
EndProject
Project("{2150E333-8FDC-42A3-9474-1A3956D46DE8}") = "Exercicio09", "Exercicio09", "{25099ACF-8D6F-40B8-9DDD-E309B3C3B924}"
EndProject
Project("{2150E333-8FDC-42A3-9474-1A3956D46DE8}") = "Exercicio10", "Exercicio10", "{C8C25677-D87E-4FBC-84E7-026A69A73930}"
EndProject
Project("{2150E333-8FDC-42A3-9474-1A3956D46DE8}") = "Exercicio11", "Exercicio11", "{1E78001B-22D5-4D3D-A62F-E12BC1E08657}"
EndProject
Project("{2150E333-8FDC-42A3-9474-1A3956D46DE8}") = "Exercicio12", "Exercicio12", "{F2DCF508-711D-49B0-9A35-A597EFC1F9C1}"
EndProject
Project("{2150E333-8FDC-42A3-9474-1A3956D46DE8}") = "Exercicio13", "Exercicio13", "{9D860420-2B0E-4F28-8F7C-407D6F62E9D6}"
EndProject
Project("{2150E333-8FDC-42A3-9474-1A3956D46DE8}") = "Exercicio14", "Exercicio14", "{B942AFFE-F48A-4ACC-880B-F79392991DE3}"
EndProject
Project("{2150E333-8FDC-42A3-9474-1A3956D46DE8}") = "Exercicio15", "Exercicio15", "{47E001E6-9354-470A-AA2C-E0D0F344A7AD}"
EndProject
Project("{FAE04EC0-301F-11D3-BF4B-00C04F79EFBC}") = "Exercicio03", "..\Exercicio03\Exercicio03.csproj", "{913EB666-CC2F-4E44-A255-D41E8840C5B1}"
EndProject
Project("{FAE04EC0-301F-11D3-BF4B-00C04F79EFBC}") = "Exercicio04", "..\Exercicio04\Exercicio04.csproj", "{56CA613A-6036-44A3-BDEB-178471DBE817}"
EndProject
Project("{FAE04EC0-301F-11D3-BF4B-00C04F79EFBC}") = "Exercicio05", "..\Exercicio05\Exercicio05.csproj", "{464AD4FB-1EC7-48CF-B619-AF8B0174A97C}"
EndProject
Project("{FAE04EC0-301F-11D3-BF4B-00C04F79EFBC}") = "Exercicio06", "..\Exercicio06\Exercicio06.csproj", "{A6494021-84DE-44D5-8D9A-A2EAFFCDAEFE}"
EndProject
Project("{FAE04EC0-301F-11D3-BF4B-00C04F79EFBC}") = "Exercicio07", "..\Exercicio07\Exercicio07.csproj", "{634FA5A4-254C-4DA8-896E-4428F745B3F7}"
EndProject
Project("{FAE04EC0-301F-11D3-BF4B-00C04F79EFBC}") = "Exercicio08", "..\Exercicio08\Exercicio08.csproj", "{4C23C50B-C4E1-4CEB-8A99-3E4C57C506F8}"
EndProject
Project("{FAE04EC0-301F-11D3-BF4B-00C04F79EFBC}") = "Exercicio09", "..\Exercicio09\Exercicio09.csproj", "{18F8603A-F9A3-4448-B6A8-915DFB07DC29}"
EndProject
Project("{FAE04EC0-301F-11D3-BF4B-00C04F79EFBC}") = "Exercicio10", "..\Exercicio10\Exercicio10.csproj", "{402CFEF7-32F3-4DBC-9710-E55D500D88AD}"
EndProject
Project("{FAE04EC0-301F-11D3-BF4B-00C04F79EFBC}") = "Exercicio11", "..\Exercicio11\Exercicio11.csproj", "{05B5976C-7054-49D3-BF91-31421FCF1796}"
EndProject
Project("{FAE04EC0-301F-11D3-BF4B-00C04F79EFBC}") = "Exercicio12", "..\Exercicio12\Exercicio12.csproj", "{314D3849-F44D-4BA1-B20D-EC1CD924D59E}"
EndProject
Project("{FAE04EC0-301F-11D3-BF4B-00C04F79EFBC}") = "Exercicio13", "..\Exercicio13\Exercicio13.csproj", "{72DC96D3-B891-4E40-9D1F-B530AC1A4F33}"
EndProject
Project("{FAE04EC0-301F-11D3-BF4B-00C04F79EFBC}") = "Exercicio14", "..\Exercicio14\Exercicio14.csproj", "{088DE94F-8A10-4F94-9989-5B1C1182B138}"
EndProject
Project("{FAE04EC0-301F-11D3-BF4B-00C04F79EFBC}") = "Exercicio15", "..\Exercicio15\Exercicio15.csproj", "{6805B2CA-2948-4262-B924-18A4FE968199}"
EndProject
Global
	GlobalSection(SolutionConfigurationPlatforms) = preSolution
		Debug|Any CPU = Debug|Any CPU
		Release|Any CPU = Release|Any CPU
	EndGlobalSection
	GlobalSection(ProjectConfigurationPlatforms) = postSolution
		{EF09E9AC-0D19-4988-B4FC-CC041C17A00F}.Debug|Any CPU.ActiveCfg = Debug|Any CPU
		{EF09E9AC-0D19-4988-B4FC-CC041C17A00F}.Debug|Any CPU.Build.0 = Debug|Any CPU
		{EF09E9AC-0D19-4988-B4FC-CC041C17A00F}.Release|Any CPU.ActiveCfg = Release|Any CPU
		{EF09E9AC-0D19-4988-B4FC-CC041C17A00F}.Release|Any CPU.Build.0 = Release|Any CPU
		{ED9C0E8B-6FD2-498C-A437-82F83A9E7A0F}.Debug|Any CPU.ActiveCfg = Debug|Any CPU
		{ED9C0E8B-6FD2-498C-A437-82F83A9E7A0F}.Debug|Any CPU.Build.0 = Debug|Any CPU
		{ED9C0E8B-6FD2-498C-A437-82F83A9E7A0F}.Release|Any CPU.ActiveCfg = Release|Any CPU
		{ED9C0E8B-6FD2-498C-A437-82F83A9E7A0F}.Release|Any CPU.Build.0 = Release|Any CPU
		{913EB666-CC2F-4E44-A255-D41E8840C5B1}.Debug|Any CPU.ActiveCfg = Debug|Any CPU
		{913EB666-CC2F-4E44-A255-D41E8840C5B1}.Debug|Any CPU.Build.0 = Debug|Any CPU
		{913EB666-CC2F-4E44-A255-D41E8840C5B1}.Release|Any CPU.ActiveCfg = Release|Any CPU
		{913EB666-CC2F-4E44-A255-D41E8840C5B1}.Release|Any CPU.Build.0 = Release|Any CPU
		{56CA613A-6036-44A3-BDEB-178471DBE817}.Debug|Any CPU.ActiveCfg = Debug|Any CPU
		{56CA613A-6036-44A3-BDEB-178471DBE817}.Debug|Any CPU.Build.0 = Debug|Any CPU
		{56CA613A-6036-44A3-BDEB-178471DBE817}.Release|Any CPU.ActiveCfg = Release|Any CPU
		{56CA613A-6036-44A3-BDEB-178471DBE817}.Release|Any CPU.Build.0 = Release|Any CPU
		{464AD4FB-1EC7-48CF-B619-AF8B0174A97C}.Debug|Any CPU.ActiveCfg = Debug|Any CPU
		{464AD4FB-1EC7-48CF-B619-AF8B0174A97C}.Debug|Any CPU.Build.0 = Debug|Any CPU
		{464AD4FB-1EC7-48CF-B619-AF8B0174A97C}.Release|Any CPU.ActiveCfg = Release|Any CPU
		{464AD4FB-1EC7-48CF-B619-AF8B0174A97C}.Release|Any CPU.Build.0 = Release|Any CPU
		{A6494021-84DE-44D5-8D9A-A2EAFFCDAEFE}.Debug|Any CPU.ActiveCfg = Debug|Any CPU
		{A6494021-84DE-44D5-8D9A-A2EAFFCDAEFE}.Debug|Any CPU.Build.0 = Debug|Any CPU
		{A6494021-84DE-44D5-8D9A-A2EAFFCDAEFE}.Release|Any CPU.ActiveCfg = Release|Any CPU
		{A6494021-84DE-44D5-8D9A-A2EAFFCDAEFE}.Release|Any CPU.Build.0 = Release|Any CPU
		{634FA5A4-254C-4DA8-896E-4428F745B3F7}.Debug|Any CPU.ActiveCfg = Debug|Any CPU
		{634FA5A4-254C-4DA8-896E-4428F745B3F7}.Debug|Any CPU.Build.0 = Debug|Any CPU
		{634FA5A4-254C-4DA8-896E-4428F745B3F7}.Release|Any CPU.ActiveCfg = Release|Any CPU
		{634FA5A4-254C-4DA8-896E-4428F745B3F7}.Release|Any CPU.Build.0 = Release|Any CPU
		{4C23C50B-C4E1-4CEB-8A99-3E4C57C506F8}.Debug|Any CPU.ActiveCfg = Debug|Any CPU
		{4C23C50B-C4E1-4CEB-8A99-3E4C57C506F8}.Debug|Any CPU.Build.0 = Debug|Any CPU
		{4C23C50B-C4E1-4CEB-8A99-3E4C57C506F8}.Release|Any CPU.ActiveCfg = Release|Any CPU
		{4C23C50B-C4E1-4CEB-8A99-3E4C57C506F8}.Release|Any CPU.Build.0 = Release|Any CPU
		{18F8603A-F9A3-4448-B6A8-915DFB07DC29}.Debug|Any CPU.ActiveCfg = Debug|Any CPU
		{18F8603A-F9A3-4448-B6A8-915DFB07DC29}.Debug|Any CPU.Build.0 = Debug|Any CPU
		{18F8603A-F9A3-4448-B6A8-915DFB07DC29}.Release|Any CPU.ActiveCfg = Release|Any CPU
		{18F8603A-F9A3-4448-B6A8-915DFB07DC29}.Release|Any CPU.Build.0 = Release|Any CPU
		{402CFEF7-32F3-4DBC-9710-E55D500D88AD}.Debug|Any CPU.ActiveCfg = Debug|Any CPU
		{402CFEF7-32F3-4DBC-9710-E55D500D88AD}.Debug|Any CPU.Build.0 = Debug|Any CPU
		{402CFEF7-32F3-4DBC-9710-E55D500D88AD}.Release|Any CPU.ActiveCfg = Release|Any CPU
		{402CFEF7-32F3-4DBC-9710-E55D500D88AD}.Release|Any CPU.Build.0 = Release|Any CPU
		{05B5976C-7054-49D3-BF91-31421FCF1796}.Debug|Any CPU.ActiveCfg = Debug|Any CPU
		{05B5976C-7054-49D3-BF91-31421FCF1796}.Debug|Any CPU.Build.0 = Debug|Any CPU
		{05B5976C-7054-49D3-BF91-31421FCF1796}.Release|Any CPU.ActiveCfg = Release|Any CPU
		{05B5976C-7054-49D3-BF91-31421FCF1796}.Release|Any CPU.Build.0 = Release|Any CPU
		{314D3849-F44D-4BA1-B20D-EC1CD924D59E}.Debug|Any CPU.ActiveCfg = Debug|Any CPU
		{314D3849-F44D-4BA1-B20D-EC1CD924D59E}.Debug|Any CPU.Build.0 = Debug|Any CPU
		{314D3849-F44D-4BA1-B20D-EC1CD924D59E}.Release|Any CPU.ActiveCfg = Release|Any CPU
		{314D3849-F44D-4BA1-B20D-EC1CD924D59E}.Release|Any CPU.Build.0 = Release|Any CPU
		{72DC96D3-B891-4E40-9D1F-B530AC1A4F33}.Debug|Any CPU.ActiveCfg = Debug|Any CPU
		{72DC96D3-B891-4E40-9D1F-B530AC1A4F33}.Debug|Any CPU.Build.0 = Debug|Any CPU
		{72DC96D3-B891-4E40-9D1F-B530AC1A4F33}.Release|Any CPU.ActiveCfg = Release|Any CPU
		{72DC96D3-B891-4E40-9D1F-B530AC1A4F33}.Release|Any CPU.Build.0 = Release|Any CPU
		{088DE94F-8A10-4F94-9989-5B1C1182B138}.Debug|Any CPU.ActiveCfg = Debug|Any CPU
		{088DE94F-8A10-4F94-9989-5B1C1182B138}.Debug|Any CPU.Build.0 = Debug|Any CPU
		{088DE94F-8A10-4F94-9989-5B1C1182B138}.Release|Any CPU.ActiveCfg = Release|Any CPU
		{088DE94F-8A10-4F94-9989-5B1C1182B138}.Release|Any CPU.Build.0 = Release|Any CPU
		{6805B2CA-2948-4262-B924-18A4FE968199}.Debug|Any CPU.ActiveCfg = Debug|Any CPU
		{6805B2CA-2948-4262-B924-18A4FE968199}.Debug|Any CPU.Build.0 = Debug|Any CPU
		{6805B2CA-2948-4262-B924-18A4FE968199}.Release|Any CPU.ActiveCfg = Release|Any CPU
		{6805B2CA-2948-4262-B924-18A4FE968199}.Release|Any CPU.Build.0 = Release|Any CPU
	EndGlobalSection
	GlobalSection(SolutionProperties) = preSolution
		HideSolutionNode = FALSE
	EndGlobalSection
	GlobalSection(NestedProjects) = preSolution
		{EF09E9AC-0D19-4988-B4FC-CC041C17A00F} = {7FB277AD-8B8C-433F-952E-81A2B56F9933}
		{ED9C0E8B-6FD2-498C-A437-82F83A9E7A0F} = {74113C55-3D9B-4FAC-98C2-3C296093A8F9}
		{913EB666-CC2F-4E44-A255-D41E8840C5B1} = {316BC42C-3FDF-4887-9D41-9951505A9573}
		{56CA613A-6036-44A3-BDEB-178471DBE817} = {866AC742-4C51-4F14-9573-6799F05A1B8A}
		{464AD4FB-1EC7-48CF-B619-AF8B0174A97C} = {8ABC5CAE-5CCB-47EA-9BE7-203910BF0617}
		{A6494021-84DE-44D5-8D9A-A2EAFFCDAEFE} = {BDAB398D-51A8-4913-AD6F-EA7C8BED3D07}
		{634FA5A4-254C-4DA8-896E-4428F745B3F7} = {51E69D7F-72DD-45EA-9858-2BD3FBE57120}
		{4C23C50B-C4E1-4CEB-8A99-3E4C57C506F8} = {6DF92EDE-E5A3-4C44-B641-17C8F36407D4}
		{18F8603A-F9A3-4448-B6A8-915DFB07DC29} = {25099ACF-8D6F-40B8-9DDD-E309B3C3B924}
		{402CFEF7-32F3-4DBC-9710-E55D500D88AD} = {C8C25677-D87E-4FBC-84E7-026A69A73930}
		{05B5976C-7054-49D3-BF91-31421FCF1796} = {1E78001B-22D5-4D3D-A62F-E12BC1E08657}
		{314D3849-F44D-4BA1-B20D-EC1CD924D59E} = {F2DCF508-711D-49B0-9A35-A597EFC1F9C1}
		{72DC96D3-B891-4E40-9D1F-B530AC1A4F33} = {9D860420-2B0E-4F28-8F7C-407D6F62E9D6}
		{088DE94F-8A10-4F94-9989-5B1C1182B138} = {B942AFFE-F48A-4ACC-880B-F79392991DE3}
		{6805B2CA-2948-4262-B924-18A4FE968199} = {47E001E6-9354-470A-AA2C-E0D0F344A7AD}
	EndGlobalSection
	GlobalSection(ExtensibilityGlobals) = postSolution
		SolutionGuid = {4644EA46-129C-4559-A74A-FB2CEE5EBB9F}
	EndGlobalSection
EndGlobal
